
Microsoft Visual Studio Solution File, Format Version 12.00
# Visual Studio 15
VisualStudioVersion = 15.0.26430.16
MinimumVisualStudioVersion = 10.0.40219.1
Project("{8BC9CEB8-8B4A-11D0-8D11-00A0C91BC942}") = "Slg3DScanner", "Slg3DScanner\Slg3DScanner.vcxproj", "{5ED4D0C6-F8B7-4F50-B313-4F5742CAF40C}"
	ProjectSection(ProjectDependencies) = postProject
		{1DD86207-9A40-471F-A96F-4734F8AA670A} = {1DD86207-9A40-471F-A96F-4734F8AA670A}
		{EDAA6F60-CEF6-4BFA-9433-D6F0ED8402E1} = {EDAA6F60-CEF6-4BFA-9433-D6F0ED8402E1}
		{F709C46B-AAAF-49DD-9454-BF7DA30232F9} = {F709C46B-AAAF-49DD-9454-BF7DA30232F9}
		{894CDD6D-C013-4809-97FA-12373C82213B} = {894CDD6D-C013-4809-97FA-12373C82213B}
		{59E05BA4-ADEA-4E78-BC9B-E6F5D2BE7D13} = {59E05BA4-ADEA-4E78-BC9B-E6F5D2BE7D13}
		{4E510EBB-C62E-47E1-B47C-96DA4EFE4EBF} = {4E510EBB-C62E-47E1-B47C-96DA4EFE4EBF}
		{CEA235BD-5D18-4984-B716-E362E885A4D8} = {CEA235BD-5D18-4984-B716-E362E885A4D8}
		{C2EE99ED-2C37-4E02-92AC-8DBCB6546B2D} = {C2EE99ED-2C37-4E02-92AC-8DBCB6546B2D}
	EndProjectSection
EndProject
Project("{8BC9CEB8-8B4A-11D0-8D11-00A0C91BC942}") = "Slg3DScannerHelper", "Slg3DScannerHelper\Slg3DScannerHelper.vcxproj", "{C2EE99ED-2C37-4E02-92AC-8DBCB6546B2D}"
EndProject
Project("{8BC9CEB8-8B4A-11D0-8D11-00A0C91BC942}") = "SlgLogger", "SlgLogger\SlgLogger.vcxproj", "{894CDD6D-C013-4809-97FA-12373C82213B}"
EndProject
Project("{8BC9CEB8-8B4A-11D0-8D11-00A0C91BC942}") = "SlgInputEngine", "SlgInputEngine\SlgInputEngine.vcxproj", "{59E05BA4-ADEA-4E78-BC9B-E6F5D2BE7D13}"
	ProjectSection(ProjectDependencies) = postProject
		{894CDD6D-C013-4809-97FA-12373C82213B} = {894CDD6D-C013-4809-97FA-12373C82213B}
		{C2EE99ED-2C37-4E02-92AC-8DBCB6546B2D} = {C2EE99ED-2C37-4E02-92AC-8DBCB6546B2D}
	EndProjectSection
EndProject
Project("{8BC9CEB8-8B4A-11D0-8D11-00A0C91BC942}") = "SlgWindow", "SlgWindow\SlgWindow.vcxproj", "{1DD86207-9A40-471F-A96F-4734F8AA670A}"
	ProjectSection(ProjectDependencies) = postProject
		{894CDD6D-C013-4809-97FA-12373C82213B} = {894CDD6D-C013-4809-97FA-12373C82213B}
		{C2EE99ED-2C37-4E02-92AC-8DBCB6546B2D} = {C2EE99ED-2C37-4E02-92AC-8DBCB6546B2D}
	EndProjectSection
EndProject
Project("{8BC9CEB8-8B4A-11D0-8D11-00A0C91BC942}") = "SlgRenderEngine", "SlgRenderEngine\SlgRenderEngine.vcxproj", "{EDAA6F60-CEF6-4BFA-9433-D6F0ED8402E1}"
	ProjectSection(ProjectDependencies) = postProject
		{F709C46B-AAAF-49DD-9454-BF7DA30232F9} = {F709C46B-AAAF-49DD-9454-BF7DA30232F9}
		{894CDD6D-C013-4809-97FA-12373C82213B} = {894CDD6D-C013-4809-97FA-12373C82213B}
		{C2EE99ED-2C37-4E02-92AC-8DBCB6546B2D} = {C2EE99ED-2C37-4E02-92AC-8DBCB6546B2D}
	EndProjectSection
EndProject
Project("{8BC9CEB8-8B4A-11D0-8D11-00A0C91BC942}") = "SlgRessource", "SlgRessource\SlgRessource.vcxproj", "{4E510EBB-C62E-47E1-B47C-96DA4EFE4EBF}"
	ProjectSection(ProjectDependencies) = postProject
		{F709C46B-AAAF-49DD-9454-BF7DA30232F9} = {F709C46B-AAAF-49DD-9454-BF7DA30232F9}
		{894CDD6D-C013-4809-97FA-12373C82213B} = {894CDD6D-C013-4809-97FA-12373C82213B}
		{C2EE99ED-2C37-4E02-92AC-8DBCB6546B2D} = {C2EE99ED-2C37-4E02-92AC-8DBCB6546B2D}
	EndProjectSection
EndProject
Project("{8BC9CEB8-8B4A-11D0-8D11-00A0C91BC942}") = "SlgRenderBase", "SlgRenderBase\SlgRenderBase.vcxproj", "{F709C46B-AAAF-49DD-9454-BF7DA30232F9}"
EndProject
Project("{8BC9CEB8-8B4A-11D0-8D11-00A0C91BC942}") = "SlgCoreEngine", "SlgCoreEngine\SlgCoreEngine.vcxproj", "{CEA235BD-5D18-4984-B716-E362E885A4D8}"
	ProjectSection(ProjectDependencies) = postProject
		{1DD86207-9A40-471F-A96F-4734F8AA670A} = {1DD86207-9A40-471F-A96F-4734F8AA670A}
		{EDAA6F60-CEF6-4BFA-9433-D6F0ED8402E1} = {EDAA6F60-CEF6-4BFA-9433-D6F0ED8402E1}
		{894CDD6D-C013-4809-97FA-12373C82213B} = {894CDD6D-C013-4809-97FA-12373C82213B}
		{59E05BA4-ADEA-4E78-BC9B-E6F5D2BE7D13} = {59E05BA4-ADEA-4E78-BC9B-E6F5D2BE7D13}
		{4E510EBB-C62E-47E1-B47C-96DA4EFE4EBF} = {4E510EBB-C62E-47E1-B47C-96DA4EFE4EBF}
		{C2EE99ED-2C37-4E02-92AC-8DBCB6546B2D} = {C2EE99ED-2C37-4E02-92AC-8DBCB6546B2D}
	EndProjectSection
EndProject
Project("{8BC9CEB8-8B4A-11D0-8D11-00A0C91BC942}") = "Installer", "Installer\Installer.vcxproj", "{CAB1FECF-05DD-497B-9A18-84CA0490279D}"
	ProjectSection(ProjectDependencies) = postProject
		{AB857779-BCFD-4146-8EF4-BF061B4CF7C6} = {AB857779-BCFD-4146-8EF4-BF061B4CF7C6}
	EndProjectSection
EndProject
Project("{2150E333-8FDC-42A3-9474-1A3956D46DE8}") = "Tool", "Tool", "{D7BD6E32-3D0D-418F-952D-682F2E960130}"
EndProject
Project("{2150E333-8FDC-42A3-9474-1A3956D46DE8}") = "Application", "Application", "{86F606E3-BFD8-4A9D-9D1F-9925EBC511AF}"
EndProject
Project("{8BC9CEB8-8B4A-11D0-8D11-00A0C91BC942}") = "ToolHelper", "ToolHelper\ToolHelper.vcxproj", "{AB857779-BCFD-4146-8EF4-BF061B4CF7C6}"
EndProject
Project("{8BC9CEB8-8B4A-11D0-8D11-00A0C91BC942}") = "Uninstaller", "Uninstaller\Uninstaller.vcxproj", "{0A0D4872-F195-4F98-9AF2-040FA7F88A31}"
	ProjectSection(ProjectDependencies) = postProject
		{AB857779-BCFD-4146-8EF4-BF061B4CF7C6} = {AB857779-BCFD-4146-8EF4-BF061B4CF7C6}
	EndProjectSection
EndProject
Project("{8BC9CEB8-8B4A-11D0-8D11-00A0C91BC942}") = "Slg3DScannerPackager", "Slg3DScannerPackager\Slg3DScannerPackager.vcxproj", "{06F56407-1168-4696-9959-CE9C66DB7260}"
	ProjectSection(ProjectDependencies) = postProject
		{AB857779-BCFD-4146-8EF4-BF061B4CF7C6} = {AB857779-BCFD-4146-8EF4-BF061B4CF7C6}
	EndProjectSection
EndProject
Global
	GlobalSection(SolutionConfigurationPlatforms) = preSolution
		Debug|x64 = Debug|x64
		Release|x64 = Release|x64
	EndGlobalSection
	GlobalSection(ProjectConfigurationPlatforms) = postSolution
		{5ED4D0C6-F8B7-4F50-B313-4F5742CAF40C}.Debug|x64.ActiveCfg = Debug|x64
		{5ED4D0C6-F8B7-4F50-B313-4F5742CAF40C}.Debug|x64.Build.0 = Debug|x64
		{5ED4D0C6-F8B7-4F50-B313-4F5742CAF40C}.Release|x64.ActiveCfg = Release|x64
		{5ED4D0C6-F8B7-4F50-B313-4F5742CAF40C}.Release|x64.Build.0 = Release|x64
		{C2EE99ED-2C37-4E02-92AC-8DBCB6546B2D}.Debug|x64.ActiveCfg = Debug|x64
		{C2EE99ED-2C37-4E02-92AC-8DBCB6546B2D}.Debug|x64.Build.0 = Debug|x64
		{C2EE99ED-2C37-4E02-92AC-8DBCB6546B2D}.Release|x64.ActiveCfg = Release|x64
		{C2EE99ED-2C37-4E02-92AC-8DBCB6546B2D}.Release|x64.Build.0 = Release|x64
		{894CDD6D-C013-4809-97FA-12373C82213B}.Debug|x64.ActiveCfg = Debug|x64
		{894CDD6D-C013-4809-97FA-12373C82213B}.Debug|x64.Build.0 = Debug|x64
		{894CDD6D-C013-4809-97FA-12373C82213B}.Release|x64.ActiveCfg = Release|x64
		{894CDD6D-C013-4809-97FA-12373C82213B}.Release|x64.Build.0 = Release|x64
		{59E05BA4-ADEA-4E78-BC9B-E6F5D2BE7D13}.Debug|x64.ActiveCfg = Debug|x64
		{59E05BA4-ADEA-4E78-BC9B-E6F5D2BE7D13}.Debug|x64.Build.0 = Debug|x64
		{59E05BA4-ADEA-4E78-BC9B-E6F5D2BE7D13}.Release|x64.ActiveCfg = Release|x64
		{59E05BA4-ADEA-4E78-BC9B-E6F5D2BE7D13}.Release|x64.Build.0 = Release|x64
		{1DD86207-9A40-471F-A96F-4734F8AA670A}.Debug|x64.ActiveCfg = Debug|x64
		{1DD86207-9A40-471F-A96F-4734F8AA670A}.Debug|x64.Build.0 = Debug|x64
		{1DD86207-9A40-471F-A96F-4734F8AA670A}.Release|x64.ActiveCfg = Release|x64
		{1DD86207-9A40-471F-A96F-4734F8AA670A}.Release|x64.Build.0 = Release|x64
		{EDAA6F60-CEF6-4BFA-9433-D6F0ED8402E1}.Debug|x64.ActiveCfg = Debug|x64
		{EDAA6F60-CEF6-4BFA-9433-D6F0ED8402E1}.Debug|x64.Build.0 = Debug|x64
		{EDAA6F60-CEF6-4BFA-9433-D6F0ED8402E1}.Release|x64.ActiveCfg = Release|x64
		{EDAA6F60-CEF6-4BFA-9433-D6F0ED8402E1}.Release|x64.Build.0 = Release|x64
		{4E510EBB-C62E-47E1-B47C-96DA4EFE4EBF}.Debug|x64.ActiveCfg = Debug|x64
		{4E510EBB-C62E-47E1-B47C-96DA4EFE4EBF}.Debug|x64.Build.0 = Debug|x64
		{4E510EBB-C62E-47E1-B47C-96DA4EFE4EBF}.Release|x64.ActiveCfg = Release|x64
		{4E510EBB-C62E-47E1-B47C-96DA4EFE4EBF}.Release|x64.Build.0 = Release|x64
		{F709C46B-AAAF-49DD-9454-BF7DA30232F9}.Debug|x64.ActiveCfg = Debug|x64
		{F709C46B-AAAF-49DD-9454-BF7DA30232F9}.Debug|x64.Build.0 = Debug|x64
		{F709C46B-AAAF-49DD-9454-BF7DA30232F9}.Release|x64.ActiveCfg = Release|x64
		{F709C46B-AAAF-49DD-9454-BF7DA30232F9}.Release|x64.Build.0 = Release|x64
		{CEA235BD-5D18-4984-B716-E362E885A4D8}.Debug|x64.ActiveCfg = Debug|x64
		{CEA235BD-5D18-4984-B716-E362E885A4D8}.Debug|x64.Build.0 = Debug|x64
		{CEA235BD-5D18-4984-B716-E362E885A4D8}.Release|x64.ActiveCfg = Release|x64
		{CEA235BD-5D18-4984-B716-E362E885A4D8}.Release|x64.Build.0 = Release|x64
		{CAB1FECF-05DD-497B-9A18-84CA0490279D}.Debug|x64.ActiveCfg = Debug|x64
		{CAB1FECF-05DD-497B-9A18-84CA0490279D}.Debug|x64.Build.0 = Debug|x64
		{CAB1FECF-05DD-497B-9A18-84CA0490279D}.Release|x64.ActiveCfg = Release|x64
		{CAB1FECF-05DD-497B-9A18-84CA0490279D}.Release|x64.Build.0 = Release|x64
		{AB857779-BCFD-4146-8EF4-BF061B4CF7C6}.Debug|x64.ActiveCfg = Debug|x64
		{AB857779-BCFD-4146-8EF4-BF061B4CF7C6}.Debug|x64.Build.0 = Debug|x64
		{AB857779-BCFD-4146-8EF4-BF061B4CF7C6}.Release|x64.ActiveCfg = Release|x64
		{AB857779-BCFD-4146-8EF4-BF061B4CF7C6}.Release|x64.Build.0 = Release|x64
		{0A0D4872-F195-4F98-9AF2-040FA7F88A31}.Debug|x64.ActiveCfg = Debug|x64
		{0A0D4872-F195-4F98-9AF2-040FA7F88A31}.Debug|x64.Build.0 = Debug|x64
		{0A0D4872-F195-4F98-9AF2-040FA7F88A31}.Release|x64.ActiveCfg = Release|x64
		{0A0D4872-F195-4F98-9AF2-040FA7F88A31}.Release|x64.Build.0 = Release|x64
		{06F56407-1168-4696-9959-CE9C66DB7260}.Debug|x64.ActiveCfg = Debug|x64
		{06F56407-1168-4696-9959-CE9C66DB7260}.Debug|x64.Build.0 = Debug|x64
		{06F56407-1168-4696-9959-CE9C66DB7260}.Release|x64.ActiveCfg = Release|x64
		{06F56407-1168-4696-9959-CE9C66DB7260}.Release|x64.Build.0 = Release|x64
	EndGlobalSection
	GlobalSection(SolutionProperties) = preSolution
		HideSolutionNode = FALSE
	EndGlobalSection
	GlobalSection(NestedProjects) = preSolution
		{5ED4D0C6-F8B7-4F50-B313-4F5742CAF40C} = {86F606E3-BFD8-4A9D-9D1F-9925EBC511AF}
		{C2EE99ED-2C37-4E02-92AC-8DBCB6546B2D} = {86F606E3-BFD8-4A9D-9D1F-9925EBC511AF}
		{894CDD6D-C013-4809-97FA-12373C82213B} = {86F606E3-BFD8-4A9D-9D1F-9925EBC511AF}
		{59E05BA4-ADEA-4E78-BC9B-E6F5D2BE7D13} = {86F606E3-BFD8-4A9D-9D1F-9925EBC511AF}
		{1DD86207-9A40-471F-A96F-4734F8AA670A} = {86F606E3-BFD8-4A9D-9D1F-9925EBC511AF}
		{EDAA6F60-CEF6-4BFA-9433-D6F0ED8402E1} = {86F606E3-BFD8-4A9D-9D1F-9925EBC511AF}
		{4E510EBB-C62E-47E1-B47C-96DA4EFE4EBF} = {86F606E3-BFD8-4A9D-9D1F-9925EBC511AF}
		{F709C46B-AAAF-49DD-9454-BF7DA30232F9} = {86F606E3-BFD8-4A9D-9D1F-9925EBC511AF}
		{CEA235BD-5D18-4984-B716-E362E885A4D8} = {86F606E3-BFD8-4A9D-9D1F-9925EBC511AF}
		{CAB1FECF-05DD-497B-9A18-84CA0490279D} = {D7BD6E32-3D0D-418F-952D-682F2E960130}
		{AB857779-BCFD-4146-8EF4-BF061B4CF7C6} = {D7BD6E32-3D0D-418F-952D-682F2E960130}
		{0A0D4872-F195-4F98-9AF2-040FA7F88A31} = {D7BD6E32-3D0D-418F-952D-682F2E960130}
		{06F56407-1168-4696-9959-CE9C66DB7260} = {D7BD6E32-3D0D-418F-952D-682F2E960130}
	EndGlobalSection
EndGlobal
