
Microsoft Visual Studio Solution File, Format Version 12.00
# Visual Studio 15
VisualStudioVersion = 15.0.26430.16
MinimumVisualStudioVersion = 10.0.40219.1
Project("{8BC9CEB8-8B4A-11D0-8D11-00A0C91BC942}") = "Slg3DScanner", "Slg3DScanner\Slg3DScanner.vcxproj", "{5ED4D0C6-F8B7-4F50-B313-4F5742CAF40C}"
	ProjectSection(ProjectDependencies) = postProject
		{1DD86207-9A40-471F-A96F-4734F8AA670A} = {1DD86207-9A40-471F-A96F-4734F8AA670A}
		{894CDD6D-C013-4809-97FA-12373C82213B} = {894CDD6D-C013-4809-97FA-12373C82213B}
		{59E05BA4-ADEA-4E78-BC9B-E6F5D2BE7D13} = {59E05BA4-ADEA-4E78-BC9B-E6F5D2BE7D13}
		{C2EE99ED-2C37-4E02-92AC-8DBCB6546B2D} = {C2EE99ED-2C37-4E02-92AC-8DBCB6546B2D}
	EndProjectSection
EndProject
Project("{8BC9CEB8-8B4A-11D0-8D11-00A0C91BC942}") = "Slg3DScannerHelper", "Slg3DScannerHelper\Slg3DScannerHelper.vcxproj", "{C2EE99ED-2C37-4E02-92AC-8DBCB6546B2D}"
EndProject
Project("{8BC9CEB8-8B4A-11D0-8D11-00A0C91BC942}") = "SlgLogger", "SlgLogger\SlgLogger.vcxproj", "{894CDD6D-C013-4809-97FA-12373C82213B}"
EndProject
Project("{8BC9CEB8-8B4A-11D0-8D11-00A0C91BC942}") = "SlgInputEngine", "SlgInputEngine\SlgInputEngine.vcxproj", "{59E05BA4-ADEA-4E78-BC9B-E6F5D2BE7D13}"
	ProjectSection(ProjectDependencies) = postProject
		{894CDD6D-C013-4809-97FA-12373C82213B} = {894CDD6D-C013-4809-97FA-12373C82213B}
		{C2EE99ED-2C37-4E02-92AC-8DBCB6546B2D} = {C2EE99ED-2C37-4E02-92AC-8DBCB6546B2D}
	EndProjectSection
EndProject
Project("{8BC9CEB8-8B4A-11D0-8D11-00A0C91BC942}") = "SlgWindow", "SlgWindow\SlgWindow.vcxproj", "{1DD86207-9A40-471F-A96F-4734F8AA670A}"
	ProjectSection(ProjectDependencies) = postProject
		{894CDD6D-C013-4809-97FA-12373C82213B} = {894CDD6D-C013-4809-97FA-12373C82213B}
		{C2EE99ED-2C37-4E02-92AC-8DBCB6546B2D} = {C2EE99ED-2C37-4E02-92AC-8DBCB6546B2D}
	EndProjectSection
EndProject
Global
	GlobalSection(SolutionConfigurationPlatforms) = preSolution
		Debug|x64 = Debug|x64
		Release|x64 = Release|x64
	EndGlobalSection
	GlobalSection(ProjectConfigurationPlatforms) = postSolution
		{5ED4D0C6-F8B7-4F50-B313-4F5742CAF40C}.Debug|x64.ActiveCfg = Debug|x64
		{5ED4D0C6-F8B7-4F50-B313-4F5742CAF40C}.Debug|x64.Build.0 = Debug|x64
		{5ED4D0C6-F8B7-4F50-B313-4F5742CAF40C}.Release|x64.ActiveCfg = Release|x64
		{5ED4D0C6-F8B7-4F50-B313-4F5742CAF40C}.Release|x64.Build.0 = Release|x64
		{C2EE99ED-2C37-4E02-92AC-8DBCB6546B2D}.Debug|x64.ActiveCfg = Debug|x64
		{C2EE99ED-2C37-4E02-92AC-8DBCB6546B2D}.Debug|x64.Build.0 = Debug|x64
		{C2EE99ED-2C37-4E02-92AC-8DBCB6546B2D}.Release|x64.ActiveCfg = Release|x64
		{C2EE99ED-2C37-4E02-92AC-8DBCB6546B2D}.Release|x64.Build.0 = Release|x64
		{894CDD6D-C013-4809-97FA-12373C82213B}.Debug|x64.ActiveCfg = Debug|x64
		{894CDD6D-C013-4809-97FA-12373C82213B}.Debug|x64.Build.0 = Debug|x64
		{894CDD6D-C013-4809-97FA-12373C82213B}.Release|x64.ActiveCfg = Release|x64
		{894CDD6D-C013-4809-97FA-12373C82213B}.Release|x64.Build.0 = Release|x64
		{59E05BA4-ADEA-4E78-BC9B-E6F5D2BE7D13}.Debug|x64.ActiveCfg = Debug|x64
		{59E05BA4-ADEA-4E78-BC9B-E6F5D2BE7D13}.Debug|x64.Build.0 = Debug|x64
		{59E05BA4-ADEA-4E78-BC9B-E6F5D2BE7D13}.Release|x64.ActiveCfg = Release|x64
		{59E05BA4-ADEA-4E78-BC9B-E6F5D2BE7D13}.Release|x64.Build.0 = Release|x64
		{1DD86207-9A40-471F-A96F-4734F8AA670A}.Debug|x64.ActiveCfg = Debug|x64
		{1DD86207-9A40-471F-A96F-4734F8AA670A}.Debug|x64.Build.0 = Debug|x64
		{1DD86207-9A40-471F-A96F-4734F8AA670A}.Release|x64.ActiveCfg = Release|x64
		{1DD86207-9A40-471F-A96F-4734F8AA670A}.Release|x64.Build.0 = Release|x64
	EndGlobalSection
	GlobalSection(SolutionProperties) = preSolution
		HideSolutionNode = FALSE
	EndGlobalSection
EndGlobal
